
Microsoft Visual Studio Solution File, Format Version 12.00
# Visual Studio 15
VisualStudioVersion = 15.0.28307.645
MinimumVisualStudioVersion = 10.0.40219.1
Project("{FAE04EC0-301F-11D3-BF4B-00C04F79EFBC}") = "OCSSRateReqLimiter", "OCSSRateReqLimiter\OCSSRateReqLimiter.csproj", "{F3CC9863-DA5A-476A-B536-6436C64E1B18}"
EndProject
Global
	GlobalSection(SolutionConfigurationPlatforms) = preSolution
		Debug|Any CPU = Debug|Any CPU
		Release|Any CPU = Release|Any CPU
	EndGlobalSection
	GlobalSection(ProjectConfigurationPlatforms) = postSolution
		{F3CC9863-DA5A-476A-B536-6436C64E1B18}.Debug|Any CPU.ActiveCfg = Debug|Any CPU
		{F3CC9863-DA5A-476A-B536-6436C64E1B18}.Debug|Any CPU.Build.0 = Debug|Any CPU
		{F3CC9863-DA5A-476A-B536-6436C64E1B18}.Release|Any CPU.ActiveCfg = Release|Any CPU
		{F3CC9863-DA5A-476A-B536-6436C64E1B18}.Release|Any CPU.Build.0 = Release|Any CPU
	EndGlobalSection
	GlobalSection(SolutionProperties) = preSolution
		HideSolutionNode = FALSE
	EndGlobalSection
	GlobalSection(ExtensibilityGlobals) = postSolution
		SolutionGuid = {BB1EA228-1CA1-461F-9576-B394CC367590}
	EndGlobalSection
EndGlobal
